// !$*UTF8*$!
{
	archiveVersion = 1;
	classes = {
	};
	objectVersion = 46;
	objects = {

/* Begin PBXBuildFile section */
		57FF1A261B964B6600677D6B /* main.m in Sources */ = {isa = PBXBuildFile; fileRef = 57FF1A251B964B6600677D6B /* main.m */; };
		57FF1A291B964B6600677D6B /* AppDelegate.m in Sources */ = {isa = PBXBuildFile; fileRef = 57FF1A281B964B6600677D6B /* AppDelegate.m */; };
		57FF1A2C1B964B6600677D6B /* ViewController.m in Sources */ = {isa = PBXBuildFile; fileRef = 57FF1A2B1B964B6600677D6B /* ViewController.m */; };
		57FF1A2F1B964B6600677D6B /* Main.storyboard in Resources */ = {isa = PBXBuildFile; fileRef = 57FF1A2D1B964B6600677D6B /* Main.storyboard */; };
		57FF1A311B964B6600677D6B /* Images.xcassets in Resources */ = {isa = PBXBuildFile; fileRef = 57FF1A301B964B6600677D6B /* Images.xcassets */; };
		57FF1A341B964B6600677D6B /* LaunchScreen.xib in Resources */ = {isa = PBXBuildFile; fileRef = 57FF1A321B964B6600677D6B /* LaunchScreen.xib */; };
		57FF1A401B964B6600677D6B /* TestAppTests.m in Sources */ = {isa = PBXBuildFile; fileRef = 57FF1A3F1B964B6600677D6B /* TestAppTests.m */; };
/* End PBXBuildFile section */

/* Begin PBXContainerItemProxy section */
		57FF1A3A1B964B6600677D6B /* PBXContainerItemProxy */ = {
			isa = PBXContainerItemProxy;
			containerPortal = 57FF1A181B964B6600677D6B /* Project object */;
			proxyType = 1;
			remoteGlobalIDString = 57FF1A1F1B964B6600677D6B;
			remoteInfo = TestApp;
		};
/* End PBXContainerItemProxy section */

/* Begin PBXFileReference section */
		57FF1A201B964B6600677D6B /* TestApp.app */ = {isa = PBXFileReference; explicitFileType = wrapper.application; includeInIndex = 0; path = TestApp.app; sourceTree = BUILT_PRODUCTS_DIR; };
		57FF1A241B964B6600677D6B /* Info.plist */ = {isa = PBXFileReference; lastKnownFileType = text.plist.xml; path = Info.plist; sourceTree = "<group>"; };
		57FF1A251B964B6600677D6B /* main.m */ = {isa = PBXFileReference; lastKnownFileType = sourcecode.c.objc; path = main.m; sourceTree = "<group>"; };
		57FF1A271B964B6600677D6B /* AppDelegate.h */ = {isa = PBXFileReference; lastKnownFileType = sourcecode.c.h; path = AppDelegate.h; sourceTree = "<group>"; };
		57FF1A281B964B6600677D6B /* AppDelegate.m */ = {isa = PBXFileReference; lastKnownFileType = sourcecode.c.objc; path = AppDelegate.m; sourceTree = "<group>"; };
		57FF1A2A1B964B6600677D6B /* ViewController.h */ = {isa = PBXFileReference; lastKnownFileType = sourcecode.c.h; path = ViewController.h; sourceTree = "<group>"; };
		57FF1A2B1B964B6600677D6B /* ViewController.m */ = {isa = PBXFileReference; lastKnownFileType = sourcecode.c.objc; path = ViewController.m; sourceTree = "<group>"; };
		57FF1A2E1B964B6600677D6B /* Base */ = {isa = PBXFileReference; lastKnownFileType = file.storyboard; name = Base; path = Base.lproj/Main.storyboard; sourceTree = "<group>"; };
		57FF1A301B964B6600677D6B /* Images.xcassets */ = {isa = PBXFileReference; lastKnownFileType = folder.assetcatalog; path = Images.xcassets; sourceTree = "<group>"; };
		57FF1A331B964B6600677D6B /* Base */ = {isa = PBXFileReference; lastKnownFileType = file.xib; name = Base; path = Base.lproj/LaunchScreen.xib; sourceTree = "<group>"; };
		57FF1A391B964B6600677D6B /* TestAppTests.xctest */ = {isa = PBXFileReference; explicitFileType = wrapper.cfbundle; includeInIndex = 0; path = TestAppTests.xctest; sourceTree = BUILT_PRODUCTS_DIR; };
		57FF1A3E1B964B6600677D6B /* Info.plist */ = {isa = PBXFileReference; lastKnownFileType = text.plist.xml; path = Info.plist; sourceTree = "<group>"; };
		57FF1A3F1B964B6600677D6B /* TestAppTests.m */ = {isa = PBXFileReference; lastKnownFileType = sourcecode.c.objc; path = TestAppTests.m; sourceTree = "<group>"; };
/* End PBXFileReference section */

/* Begin PBXFrameworksBuildPhase section */
		57FF1A1D1B964B6600677D6B /* Frameworks */ = {
			isa = PBXFrameworksBuildPhase;
			buildActionMask = 2147483647;
			files = (
			);
			runOnlyForDeploymentPostprocessing = 0;
		};
		57FF1A361B964B6600677D6B /* Frameworks */ = {
			isa = PBXFrameworksBuildPhase;
			buildActionMask = 2147483647;
			files = (
			);
			runOnlyForDeploymentPostprocessing = 0;
		};
/* End PBXFrameworksBuildPhase section */

/* Begin PBXGroup section */
		57FF1A171B964B6600677D6B = {
			isa = PBXGroup;
			children = (
				57FF1A221B964B6600677D6B /* TestApp */,
				57FF1A3C1B964B6600677D6B /* TestAppTests */,
				57FF1A211B964B6600677D6B /* Products */,
			);
			sourceTree = "<group>";
		};
		57FF1A211B964B6600677D6B /* Products */ = {
			isa = PBXGroup;
			children = (
				57FF1A201B964B6600677D6B /* TestApp.app */,
				57FF1A391B964B6600677D6B /* TestAppTests.xctest */,
			);
			name = Products;
			sourceTree = "<group>";
		};
		57FF1A221B964B6600677D6B /* TestApp */ = {
			isa = PBXGroup;
			children = (
				57FF1A271B964B6600677D6B /* AppDelegate.h */,
				57FF1A281B964B6600677D6B /* AppDelegate.m */,
				57FF1A2A1B964B6600677D6B /* ViewController.h */,
				57FF1A2B1B964B6600677D6B /* ViewController.m */,
				57FF1A2D1B964B6600677D6B /* Main.storyboard */,
				57FF1A301B964B6600677D6B /* Images.xcassets */,
				57FF1A321B964B6600677D6B /* LaunchScreen.xib */,
				57FF1A231B964B6600677D6B /* Supporting Files */,
			);
			path = TestApp;
			sourceTree = "<group>";
		};
		57FF1A231B964B6600677D6B /* Supporting Files */ = {
			isa = PBXGroup;
			children = (
				57FF1A241B964B6600677D6B /* Info.plist */,
				57FF1A251B964B6600677D6B /* main.m */,
			);
			name = "Supporting Files";
			sourceTree = "<group>";
		};
		57FF1A3C1B964B6600677D6B /* TestAppTests */ = {
			isa = PBXGroup;
			children = (
				57FF1A3F1B964B6600677D6B /* TestAppTests.m */,
				57FF1A3D1B964B6600677D6B /* Supporting Files */,
			);
			path = TestAppTests;
			sourceTree = "<group>";
		};
		57FF1A3D1B964B6600677D6B /* Supporting Files */ = {
			isa = PBXGroup;
			children = (
				57FF1A3E1B964B6600677D6B /* Info.plist */,
			);
			name = "Supporting Files";
			sourceTree = "<group>";
		};
/* End PBXGroup section */

/* Begin PBXNativeTarget section */
		57FF1A1F1B964B6600677D6B /* TestApp */ = {
			isa = PBXNativeTarget;
			buildConfigurationList = 57FF1A431B964B6600677D6B /* Build configuration list for PBXNativeTarget "TestApp" */;
			buildPhases = (
				57FF1A1C1B964B6600677D6B /* Sources */,
				57FF1A1D1B964B6600677D6B /* Frameworks */,
				57FF1A1E1B964B6600677D6B /* Resources */,
			);
			buildRules = (
			);
			dependencies = (
			);
			name = TestApp;
			productName = TestApp;
			productReference = 57FF1A201B964B6600677D6B /* TestApp.app */;
			productType = "com.apple.product-type.application";
		};
		57FF1A381B964B6600677D6B /* TestAppTests */ = {
			isa = PBXNativeTarget;
			buildConfigurationList = 57FF1A461B964B6600677D6B /* Build configuration list for PBXNativeTarget "TestAppTests" */;
			buildPhases = (
				57FF1A351B964B6600677D6B /* Sources */,
				57FF1A361B964B6600677D6B /* Frameworks */,
				57FF1A371B964B6600677D6B /* Resources */,
			);
			buildRules = (
			);
			dependencies = (
				57FF1A3B1B964B6600677D6B /* PBXTargetDependency */,
			);
			name = TestAppTests;
			productName = TestAppTests;
			productReference = 57FF1A391B964B6600677D6B /* TestAppTests.xctest */;
			productType = "com.apple.product-type.bundle.unit-test";
		};
/* End PBXNativeTarget section */

/* Begin PBXProject section */
		57FF1A181B964B6600677D6B /* Project object */ = {
			isa = PBXProject;
			attributes = {
				LastUpgradeCheck = 0610;
				ORGANIZATIONNAME = Daio;
				TargetAttributes = {
					57FF1A1F1B964B6600677D6B = {
						CreatedOnToolsVersion = 6.1.1;
					};
					57FF1A381B964B6600677D6B = {
						CreatedOnToolsVersion = 6.1.1;
						TestTargetID = 57FF1A1F1B964B6600677D6B;
					};
				};
			};
			buildConfigurationList = 57FF1A1B1B964B6600677D6B /* Build configuration list for PBXProject "TestApp" */;
			compatibilityVersion = "Xcode 3.2";
			developmentRegion = English;
			hasScannedForEncodings = 0;
			knownRegions = (
				en,
				Base,
			);
			mainGroup = 57FF1A171B964B6600677D6B;
			productRefGroup = 57FF1A211B964B6600677D6B /* Products */;
			projectDirPath = "";
			projectRoot = "";
			targets = (
				57FF1A1F1B964B6600677D6B /* TestApp */,
				57FF1A381B964B6600677D6B /* TestAppTests */,
			);
		};
/* End PBXProject section */

/* Begin PBXResourcesBuildPhase section */
		57FF1A1E1B964B6600677D6B /* Resources */ = {
			isa = PBXResourcesBuildPhase;
			buildActionMask = 2147483647;
			files = (
				57FF1A2F1B964B6600677D6B /* Main.storyboard in Resources */,
				57FF1A341B964B6600677D6B /* LaunchScreen.xib in Resources */,
				57FF1A311B964B6600677D6B /* Images.xcassets in Resources */,
			);
			runOnlyForDeploymentPostprocessing = 0;
		};
		57FF1A371B964B6600677D6B /* Resources */ = {
			isa = PBXResourcesBuildPhase;
			buildActionMask = 2147483647;
			files = (
			);
			runOnlyForDeploymentPostprocessing = 0;
		};
/* End PBXResourcesBuildPhase section */

/* Begin PBXSourcesBuildPhase section */
		57FF1A1C1B964B6600677D6B /* Sources */ = {
			isa = PBXSourcesBuildPhase;
			buildActionMask = 2147483647;
			files = (
				57FF1A2C1B964B6600677D6B /* ViewController.m in Sources */,
				57FF1A291B964B6600677D6B /* AppDelegate.m in Sources */,
				57FF1A261B964B6600677D6B /* main.m in Sources */,
			);
			runOnlyForDeploymentPostprocessing = 0;
		};
		57FF1A351B964B6600677D6B /* Sources */ = {
			isa = PBXSourcesBuildPhase;
			buildActionMask = 2147483647;
			files = (
				57FF1A401B964B6600677D6B /* TestAppTests.m in Sources */,
			);
			runOnlyForDeploymentPostprocessing = 0;
		};
/* End PBXSourcesBuildPhase section */

/* Begin PBXTargetDependency section */
		57FF1A3B1B964B6600677D6B /* PBXTargetDependency */ = {
			isa = PBXTargetDependency;
			target = 57FF1A1F1B964B6600677D6B /* TestApp */;
			targetProxy = 57FF1A3A1B964B6600677D6B /* PBXContainerItemProxy */;
		};
/* End PBXTargetDependency section */

/* Begin PBXVariantGroup section */
		57FF1A2D1B964B6600677D6B /* Main.storyboard */ = {
			isa = PBXVariantGroup;
			children = (
				57FF1A2E1B964B6600677D6B /* Base */,
			);
			name = Main.storyboard;
			sourceTree = "<group>";
		};
		57FF1A321B964B6600677D6B /* LaunchScreen.xib */ = {
			isa = PBXVariantGroup;
			children = (
				57FF1A331B964B6600677D6B /* Base */,
			);
			name = LaunchScreen.xib;
			sourceTree = "<group>";
		};
/* End PBXVariantGroup section */

/* Begin XCBuildConfiguration section */
		57FF1A411B964B6600677D6B /* Debug */ = {
			isa = XCBuildConfiguration;
			buildSettings = {
				ALWAYS_SEARCH_USER_PATHS = NO;
				CLANG_CXX_LANGUAGE_STANDARD = "gnu++0x";
				CLANG_CXX_LIBRARY = "libc++";
				CLANG_ENABLE_MODULES = YES;
				CLANG_ENABLE_OBJC_ARC = YES;
				CLANG_WARN_BOOL_CONVERSION = YES;
				CLANG_WARN_CONSTANT_CONVERSION = YES;
				CLANG_WARN_DIRECT_OBJC_ISA_USAGE = YES_ERROR;
				CLANG_WARN_EMPTY_BODY = YES;
				CLANG_WARN_ENUM_CONVERSION = YES;
				CLANG_WARN_INT_CONVERSION = YES;
				CLANG_WARN_OBJC_ROOT_CLASS = YES_ERROR;
				CLANG_WARN_UNREACHABLE_CODE = YES;
				CLANG_WARN__DUPLICATE_METHOD_MATCH = YES;
				"CODE_SIGN_IDENTITY[sdk=iphoneos*]" = "iPhone Developer";
				COPY_PHASE_STRIP = NO;
				ENABLE_STRICT_OBJC_MSGSEND = YES;
				GCC_C_LANGUAGE_STANDARD = gnu99;
				GCC_DYNAMIC_NO_PIC = NO;
				GCC_OPTIMIZATION_LEVEL = 0;
				GCC_PREPROCESSOR_DEFINITIONS = (
					"DEBUG=1",
					"$(inherited)",
				);
				GCC_SYMBOLS_PRIVATE_EXTERN = NO;
				GCC_WARN_64_TO_32_BIT_CONVERSION = YES;
				GCC_WARN_ABOUT_RETURN_TYPE = YES_ERROR;
				GCC_WARN_UNDECLARED_SELECTOR = YES;
				GCC_WARN_UNINITIALIZED_AUTOS = YES_AGGRESSIVE;
				GCC_WARN_UNUSED_FUNCTION = YES;
				GCC_WARN_UNUSED_VARIABLE = YES;
				IPHONEOS_DEPLOYMENT_TARGET = 8.1;
				MTL_ENABLE_DEBUG_INFO = YES;
				ONLY_ACTIVE_ARCH = YES;
				SDKROOT = iphoneos;
			};
			name = Debug;
		};
		57FF1A421B964B6600677D6B /* Release */ = {
			isa = XCBuildConfiguration;
			buildSettings = {
				ALWAYS_SEARCH_USER_PATHS = NO;
				CLANG_CXX_LANGUAGE_STANDARD = "gnu++0x";
				CLANG_CXX_LIBRARY = "libc++";
				CLANG_ENABLE_MODULES = YES;
				CLANG_ENABLE_OBJC_ARC = YES;
				CLANG_WARN_BOOL_CONVERSION = YES;
				CLANG_WARN_CONSTANT_CONVERSION = YES;
				CLANG_WARN_DIRECT_OBJC_ISA_USAGE = YES_ERROR;
				CLANG_WARN_EMPTY_BODY = YES;
				CLANG_WARN_ENUM_CONVERSION = YES;
				CLANG_WARN_INT_CONVERSION = YES;
				CLANG_WARN_OBJC_ROOT_CLASS = YES_ERROR;
				CLANG_WARN_UNREACHABLE_CODE = YES;
				CLANG_WARN__DUPLICATE_METHOD_MATCH = YES;
				"CODE_SIGN_IDENTITY[sdk=iphoneos*]" = "iPhone Developer";
				COPY_PHASE_STRIP = YES;
				ENABLE_NS_ASSERTIONS = NO;
				ENABLE_STRICT_OBJC_MSGSEND = YES;
				GCC_C_LANGUAGE_STANDARD = gnu99;
				GCC_WARN_64_TO_32_BIT_CONVERSION = YES;
				GCC_WARN_ABOUT_RETURN_TYPE = YES_ERROR;
				GCC_WARN_UNDECLARED_SELECTOR = YES;
				GCC_WARN_UNINITIALIZED_AUTOS = YES_AGGRESSIVE;
				GCC_WARN_UNUSED_FUNCTION = YES;
				GCC_WARN_UNUSED_VARIABLE = YES;
				IPHONEOS_DEPLOYMENT_TARGET = 8.1;
				MTL_ENABLE_DEBUG_INFO = NO;
				SDKROOT = iphoneos;
				VALIDATE_PRODUCT = YES;
			};
			name = Release;
		};
		57FF1A441B964B6600677D6B /* Debug */ = {
			isa = XCBuildConfiguration;
			buildSettings = {
				ASSETCATALOG_COMPILER_APPICON_NAME = AppIcon;
				INFOPLIST_FILE = TestApp/Info.plist;
				LD_RUNPATH_SEARCH_PATHS = "$(inherited) @executable_path/Frameworks";
				PRODUCT_NAME = "$(TARGET_NAME)";
			};
			name = Debug;
		};
		57FF1A451B964B6600677D6B /* Release */ = {
			isa = XCBuildConfiguration;
			buildSettings = {
				ASSETCATALOG_COMPILER_APPICON_NAME = AppIcon;
				INFOPLIST_FILE = TestApp/Info.plist;
				LD_RUNPATH_SEARCH_PATHS = "$(inherited) @executable_path/Frameworks";
				PRODUCT_NAME = "$(TARGET_NAME)";
			};
			name = Release;
		};
		57FF1A471B964B6600677D6B /* Debug */ = {
			isa = XCBuildConfiguration;
			buildSettings = {
				BUNDLE_LOADER = "$(TEST_HOST)";
				FRAMEWORK_SEARCH_PATHS = (
					"$(SDKROOT)/Developer/Library/Frameworks",
					"$(inherited)",
				);
				GCC_PREPROCESSOR_DEFINITIONS = (
					"DEBUG=1",
					"$(inherited)",
				);
				INFOPLIST_FILE = TestAppTests/Info.plist;
				LD_RUNPATH_SEARCH_PATHS = "$(inherited) @executable_path/Frameworks @loader_path/Frameworks";
				PRODUCT_NAME = "$(TARGET_NAME)";
				TEST_HOST = "$(BUILT_PRODUCTS_DIR)/TestApp.app/TestApp";
			};
			name = Debug;
		};
		57FF1A481B964B6600677D6B /* Release */ = {
			isa = XCBuildConfiguration;
			buildSettings = {
				BUNDLE_LOADER = "$(TEST_HOST)";
				FRAMEWORK_SEARCH_PATHS = (
					"$(SDKROOT)/Developer/Library/Frameworks",
					"$(inherited)",
				);
				INFOPLIST_FILE = TestAppTests/Info.plist;
				LD_RUNPATH_SEARCH_PATHS = "$(inherited) @executable_path/Frameworks @loader_path/Frameworks";
				PRODUCT_NAME = "$(TARGET_NAME)";
				TEST_HOST = "$(BUILT_PRODUCTS_DIR)/TestApp.app/TestApp";
			};
			name = Release;
		};
/* End XCBuildConfiguration section */

/* Begin XCConfigurationList section */
		57FF1A1B1B964B6600677D6B /* Build configuration list for PBXProject "TestApp" */ = {
			isa = XCConfigurationList;
			buildConfigurations = (
				57FF1A411B964B6600677D6B /* Debug */,
				57FF1A421B964B6600677D6B /* Release */,
			);
			defaultConfigurationIsVisible = 0;
			defaultConfigurationName = Release;
		};
		57FF1A431B964B6600677D6B /* Build configuration list for PBXNativeTarget "TestApp" */ = {
			isa = XCConfigurationList;
			buildConfigurations = (
				57FF1A441B964B6600677D6B /* Debug */,
				57FF1A451B964B6600677D6B /* Release */,
			);
			defaultConfigurationIsVisible = 0;
		};
		57FF1A461B964B6600677D6B /* Build configuration list for PBXNativeTarget "TestAppTests" */ = {
			isa = XCConfigurationList;
			buildConfigurations = (
				57FF1A471B964B6600677D6B /* Debug */,
				57FF1A481B964B6600677D6B /* Release */,
			);
			defaultConfigurationIsVisible = 0;
		};
/* End XCConfigurationList section */
	};
	rootObject = 57FF1A181B964B6600677D6B /* Project object */;
}
